
Microsoft Visual Studio Solution File, Format Version 12.00
# Visual Studio Version 16
VisualStudioVersion = 16.0.30204.135
MinimumVisualStudioVersion = 10.0.40219.1
Project("{9A19103F-16F7-4668-BE54-9A1E7A4F7556}") = "Simline2", "src\Simline2\Simline2.csproj", "{EC3E3024-4ED9-4F25-A802-6A8C8E9CA31A}"
EndProject
Global
	GlobalSection(SolutionConfigurationPlatforms) = preSolution
		Debug|Any CPU = Debug|Any CPU
		Debug|x86 = Debug|x86
		Release|Any CPU = Release|Any CPU
		Release|x86 = Release|x86
	EndGlobalSection
	GlobalSection(ProjectConfigurationPlatforms) = postSolution
		{EC3E3024-4ED9-4F25-A802-6A8C8E9CA31A}.Debug|Any CPU.ActiveCfg = Debug|Any CPU
		{EC3E3024-4ED9-4F25-A802-6A8C8E9CA31A}.Debug|Any CPU.Build.0 = Debug|Any CPU
		{EC3E3024-4ED9-4F25-A802-6A8C8E9CA31A}.Debug|x86.ActiveCfg = Debug|x86
		{EC3E3024-4ED9-4F25-A802-6A8C8E9CA31A}.Debug|x86.Build.0 = Debug|x86
		{EC3E3024-4ED9-4F25-A802-6A8C8E9CA31A}.Release|Any CPU.ActiveCfg = Release|Any CPU
		{EC3E3024-4ED9-4F25-A802-6A8C8E9CA31A}.Release|Any CPU.Build.0 = Release|Any CPU
		{EC3E3024-4ED9-4F25-A802-6A8C8E9CA31A}.Release|x86.ActiveCfg = Release|x86
		{EC3E3024-4ED9-4F25-A802-6A8C8E9CA31A}.Release|x86.Build.0 = Release|x86
	EndGlobalSection
	GlobalSection(SolutionProperties) = preSolution
		HideSolutionNode = FALSE
	EndGlobalSection
	GlobalSection(ExtensibilityGlobals) = postSolution
		SolutionGuid = {2F560B6E-9191-4AEC-8089-6639987E310D}
	EndGlobalSection
EndGlobal
